
Microsoft Visual Studio Solution File, Format Version 12.00
# Visual Studio Version 16
VisualStudioVersion = 16.0.31321.278
MinimumVisualStudioVersion = 10.0.40219.1
Project("{FAE04EC0-301F-11D3-BF4B-00C04F79EFBC}") = "bireyselKutuphane", "bireyselKutuphane.csproj", "{51ADBF02-5F6F-4B11-9765-AAF8F820FD01}"
EndProject
Global
	GlobalSection(SolutionConfigurationPlatforms) = preSolution
		Debug|Any CPU = Debug|Any CPU
		Release|Any CPU = Release|Any CPU
	EndGlobalSection
	GlobalSection(ProjectConfigurationPlatforms) = postSolution
		{51ADBF02-5F6F-4B11-9765-AAF8F820FD01}.Debug|Any CPU.ActiveCfg = Debug|Any CPU
		{51ADBF02-5F6F-4B11-9765-AAF8F820FD01}.Debug|Any CPU.Build.0 = Debug|Any CPU
		{51ADBF02-5F6F-4B11-9765-AAF8F820FD01}.Release|Any CPU.ActiveCfg = Release|Any CPU
		{51ADBF02-5F6F-4B11-9765-AAF8F820FD01}.Release|Any CPU.Build.0 = Release|Any CPU
	EndGlobalSection
	GlobalSection(SolutionProperties) = preSolution
		HideSolutionNode = FALSE
	EndGlobalSection
	GlobalSection(ExtensibilityGlobals) = postSolution
		SolutionGuid = {59C05420-84BA-449C-9352-1A464F3A9C97}
	EndGlobalSection
EndGlobal
